
Microsoft Visual Studio Solution File, Format Version 12.00
# Visual Studio Version 17
VisualStudioVersion = 17.13.35818.85 d17.13
MinimumVisualStudioVersion = 10.0.40219.1
Project("{FAE04EC0-301F-11D3-BF4B-00C04F79EFBC}") = "AUEDashboard.UI", "AUEDashboard\AUEDashboard.UI.csproj", "{87F0CADF-0A3D-4AA0-BC13-C59175C97641}"
EndProject
Project("{FAE04EC0-301F-11D3-BF4B-00C04F79EFBC}") = "AUEDashboard.Data", "AUEDashboard.Data\AUEDashboard.Data.csproj", "{7FAE801E-F755-4637-A1E1-D6B46D700B4E}"
EndProject
Global
	GlobalSection(SolutionConfigurationPlatforms) = preSolution
		Debug|Any CPU = Debug|Any CPU
		Release|Any CPU = Release|Any CPU
	EndGlobalSection
	GlobalSection(ProjectConfigurationPlatforms) = postSolution
		{87F0CADF-0A3D-4AA0-BC13-C59175C97641}.Debug|Any CPU.ActiveCfg = Debug|Any CPU
		{87F0CADF-0A3D-4AA0-BC13-C59175C97641}.Debug|Any CPU.Build.0 = Debug|Any CPU
		{87F0CADF-0A3D-4AA0-BC13-C59175C97641}.Release|Any CPU.ActiveCfg = Release|Any CPU
		{87F0CADF-0A3D-4AA0-BC13-C59175C97641}.Release|Any CPU.Build.0 = Release|Any CPU
		{7FAE801E-F755-4637-A1E1-D6B46D700B4E}.Debug|Any CPU.ActiveCfg = Debug|Any CPU
		{7FAE801E-F755-4637-A1E1-D6B46D700B4E}.Debug|Any CPU.Build.0 = Debug|Any CPU
		{7FAE801E-F755-4637-A1E1-D6B46D700B4E}.Release|Any CPU.ActiveCfg = Release|Any CPU
		{7FAE801E-F755-4637-A1E1-D6B46D700B4E}.Release|Any CPU.Build.0 = Release|Any CPU
	EndGlobalSection
	GlobalSection(SolutionProperties) = preSolution
		HideSolutionNode = FALSE
	EndGlobalSection
	GlobalSection(ExtensibilityGlobals) = postSolution
		SolutionGuid = {9A02F871-0E66-40B4-9BA2-A7D184E07491}
	EndGlobalSection
EndGlobal
